// !$*UTF8*$!
{
	archiveVersion = 1;
	classes = {
	};
	objectVersion = 46;
	objects = {

/* Begin PBXBuildFile section */
		F5483C9D1C7EDD3300D844A7 /* main.m in Sources */ = {isa = PBXBuildFile; fileRef = F5483C9C1C7EDD3300D844A7 /* main.m */; };
		F5483CA01C7EDD3300D844A7 /* AppDelegate.m in Sources */ = {isa = PBXBuildFile; fileRef = F5483C9F1C7EDD3300D844A7 /* AppDelegate.m */; };
		F5483CA31C7EDD3300D844A7 /* ViewController.m in Sources */ = {isa = PBXBuildFile; fileRef = F5483CA21C7EDD3300D844A7 /* ViewController.m */; };
		F5483CA61C7EDD3300D844A7 /* Main.storyboard in Resources */ = {isa = PBXBuildFile; fileRef = F5483CA41C7EDD3300D844A7 /* Main.storyboard */; };
		F5483CA81C7EDD3300D844A7 /* Assets.xcassets in Resources */ = {isa = PBXBuildFile; fileRef = F5483CA71C7EDD3300D844A7 /* Assets.xcassets */; };
		F5483CAB1C7EDD3300D844A7 /* LaunchScreen.storyboard in Resources */ = {isa = PBXBuildFile; fileRef = F5483CA91C7EDD3300D844A7 /* LaunchScreen.storyboard */; };
		F5483CC31C7EDD9000D844A7 /* FlightLeg.m in Sources */ = {isa = PBXBuildFile; fileRef = F5483CC21C7EDD9000D844A7 /* FlightLeg.m */; };
		F5483CC61C7EDDFC00D844A7 /* TripLegBase.m in Sources */ = {isa = PBXBuildFile; fileRef = F5483CC51C7EDDFC00D844A7 /* TripLegBase.m */; };
		F5483CC91C7EDEE800D844A7 /* HotelLeg.m in Sources */ = {isa = PBXBuildFile; fileRef = F5483CC81C7EDEE800D844A7 /* HotelLeg.m */; };
		F5483CCC1C7EDF5800D844A7 /* Trip.m in Sources */ = {isa = PBXBuildFile; fileRef = F5483CCB1C7EDF5800D844A7 /* Trip.m */; };
		F5483CCF1C7EEA5100D844A7 /* TripTests.m in Sources */ = {isa = PBXBuildFile; fileRef = F5483CCE1C7EEA5100D844A7 /* TripTests.m */; };
		F5483CD21C7EF6D700D844A7 /* CarHireLeg.swift in Sources */ = {isa = PBXBuildFile; fileRef = F5483CD11C7EF6D700D844A7 /* CarHireLeg.swift */; };
		F5483CD61C7F201500D844A7 /* CarHireLegTests.swift in Sources */ = {isa = PBXBuildFile; fileRef = F5483CD51C7F201500D844A7 /* CarHireLegTests.swift */; };
		F5483CD91C7F543D00D844A7 /* TripTests.swift in Sources */ = {isa = PBXBuildFile; fileRef = F5483CD81C7F543D00D844A7 /* TripTests.swift */; };
		F5BFE8591CA2855300CDCA62 /* CarHireLeg.swift in Sources */ = {isa = PBXBuildFile; fileRef = F5483CD11C7EF6D700D844A7 /* CarHireLeg.swift */; };
/* End PBXBuildFile section */

/* Begin PBXContainerItemProxy section */
		F5483CB21C7EDD3300D844A7 /* PBXContainerItemProxy */ = {
			isa = PBXContainerItemProxy;
			containerPortal = F5483C901C7EDD3300D844A7 /* Project object */;
			proxyType = 1;
			remoteGlobalIDString = F5483C971C7EDD3300D844A7;
			remoteInfo = ObjectiveCToSwift;
		};
/* End PBXContainerItemProxy section */

/* Begin PBXFileReference section */
		F5483C981C7EDD3300D844A7 /* ObjectiveCToSwift.app */ = {isa = PBXFileReference; explicitFileType = wrapper.application; includeInIndex = 0; path = ObjectiveCToSwift.app; sourceTree = BUILT_PRODUCTS_DIR; };
		F5483C9C1C7EDD3300D844A7 /* main.m */ = {isa = PBXFileReference; lastKnownFileType = sourcecode.c.objc; path = main.m; sourceTree = "<group>"; };
		F5483C9E1C7EDD3300D844A7 /* AppDelegate.h */ = {isa = PBXFileReference; lastKnownFileType = sourcecode.c.h; path = AppDelegate.h; sourceTree = "<group>"; };
		F5483C9F1C7EDD3300D844A7 /* AppDelegate.m */ = {isa = PBXFileReference; lastKnownFileType = sourcecode.c.objc; path = AppDelegate.m; sourceTree = "<group>"; };
		F5483CA11C7EDD3300D844A7 /* ViewController.h */ = {isa = PBXFileReference; lastKnownFileType = sourcecode.c.h; path = ViewController.h; sourceTree = "<group>"; };
		F5483CA21C7EDD3300D844A7 /* ViewController.m */ = {isa = PBXFileReference; lastKnownFileType = sourcecode.c.objc; path = ViewController.m; sourceTree = "<group>"; };
		F5483CA51C7EDD3300D844A7 /* Base */ = {isa = PBXFileReference; lastKnownFileType = file.storyboard; name = Base; path = Base.lproj/Main.storyboard; sourceTree = "<group>"; };
		F5483CA71C7EDD3300D844A7 /* Assets.xcassets */ = {isa = PBXFileReference; lastKnownFileType = folder.assetcatalog; path = Assets.xcassets; sourceTree = "<group>"; };
		F5483CAA1C7EDD3300D844A7 /* Base */ = {isa = PBXFileReference; lastKnownFileType = file.storyboard; name = Base; path = Base.lproj/LaunchScreen.storyboard; sourceTree = "<group>"; };
		F5483CAC1C7EDD3300D844A7 /* Info.plist */ = {isa = PBXFileReference; lastKnownFileType = text.plist.xml; path = Info.plist; sourceTree = "<group>"; };
		F5483CB11C7EDD3300D844A7 /* ObjectiveCToSwiftTests.xctest */ = {isa = PBXFileReference; explicitFileType = wrapper.cfbundle; includeInIndex = 0; path = ObjectiveCToSwiftTests.xctest; sourceTree = BUILT_PRODUCTS_DIR; };
		F5483CB71C7EDD3300D844A7 /* Info.plist */ = {isa = PBXFileReference; lastKnownFileType = text.plist.xml; path = Info.plist; sourceTree = "<group>"; };
		F5483CC11C7EDD9000D844A7 /* FlightLeg.h */ = {isa = PBXFileReference; fileEncoding = 4; lastKnownFileType = sourcecode.c.h; path = FlightLeg.h; sourceTree = "<group>"; };
		F5483CC21C7EDD9000D844A7 /* FlightLeg.m */ = {isa = PBXFileReference; fileEncoding = 4; lastKnownFileType = sourcecode.c.objc; path = FlightLeg.m; sourceTree = "<group>"; };
		F5483CC41C7EDDFC00D844A7 /* TripLegBase.h */ = {isa = PBXFileReference; fileEncoding = 4; lastKnownFileType = sourcecode.c.h; path = TripLegBase.h; sourceTree = "<group>"; };
		F5483CC51C7EDDFC00D844A7 /* TripLegBase.m */ = {isa = PBXFileReference; fileEncoding = 4; lastKnownFileType = sourcecode.c.objc; path = TripLegBase.m; sourceTree = "<group>"; };
		F5483CC71C7EDEE800D844A7 /* HotelLeg.h */ = {isa = PBXFileReference; fileEncoding = 4; lastKnownFileType = sourcecode.c.h; path = HotelLeg.h; sourceTree = "<group>"; };
		F5483CC81C7EDEE800D844A7 /* HotelLeg.m */ = {isa = PBXFileReference; fileEncoding = 4; lastKnownFileType = sourcecode.c.objc; path = HotelLeg.m; sourceTree = "<group>"; };
		F5483CCA1C7EDF5800D844A7 /* Trip.h */ = {isa = PBXFileReference; fileEncoding = 4; lastKnownFileType = sourcecode.c.h; path = Trip.h; sourceTree = "<group>"; };
		F5483CCB1C7EDF5800D844A7 /* Trip.m */ = {isa = PBXFileReference; fileEncoding = 4; lastKnownFileType = sourcecode.c.objc; path = Trip.m; sourceTree = "<group>"; };
		F5483CCD1C7EE68500D844A7 /* ObjetiveCToSwift.pch */ = {isa = PBXFileReference; lastKnownFileType = sourcecode.c.h; path = ObjetiveCToSwift.pch; sourceTree = "<group>"; };
		F5483CCE1C7EEA5100D844A7 /* TripTests.m */ = {isa = PBXFileReference; fileEncoding = 4; lastKnownFileType = sourcecode.c.objc; path = TripTests.m; sourceTree = "<group>"; };
		F5483CD01C7EF6D600D844A7 /* ObjectiveCToSwift-Bridging-Header.h */ = {isa = PBXFileReference; lastKnownFileType = sourcecode.c.h; path = "ObjectiveCToSwift-Bridging-Header.h"; sourceTree = "<group>"; };
		F5483CD11C7EF6D700D844A7 /* CarHireLeg.swift */ = {isa = PBXFileReference; fileEncoding = 4; lastKnownFileType = sourcecode.swift; path = CarHireLeg.swift; sourceTree = "<group>"; };
		F5483CD41C7F201500D844A7 /* ObjectiveCToSwiftTests-Bridging-Header.h */ = {isa = PBXFileReference; lastKnownFileType = sourcecode.c.h; path = "ObjectiveCToSwiftTests-Bridging-Header.h"; sourceTree = "<group>"; };
		F5483CD51C7F201500D844A7 /* CarHireLegTests.swift */ = {isa = PBXFileReference; fileEncoding = 4; lastKnownFileType = sourcecode.swift; path = CarHireLegTests.swift; sourceTree = "<group>"; };
		F5483CD81C7F543D00D844A7 /* TripTests.swift */ = {isa = PBXFileReference; fileEncoding = 4; lastKnownFileType = sourcecode.swift; path = TripTests.swift; sourceTree = "<group>"; };
		F5BFE8571CA2805B00CDCA62 /* ObjectiveCToSwiftTests.pch */ = {isa = PBXFileReference; lastKnownFileType = sourcecode.c.h; path = ObjectiveCToSwiftTests.pch; sourceTree = "<group>"; };
/* End PBXFileReference section */

/* Begin PBXFrameworksBuildPhase section */
		F5483C951C7EDD3300D844A7 /* Frameworks */ = {
			isa = PBXFrameworksBuildPhase;
			buildActionMask = 2147483647;
			files = (
			);
			runOnlyForDeploymentPostprocessing = 0;
		};
		F5483CAE1C7EDD3300D844A7 /* Frameworks */ = {
			isa = PBXFrameworksBuildPhase;
			buildActionMask = 2147483647;
			files = (
			);
			runOnlyForDeploymentPostprocessing = 0;
		};
/* End PBXFrameworksBuildPhase section */

/* Begin PBXGroup section */
		F5483C8F1C7EDD3300D844A7 = {
			isa = PBXGroup;
			children = (
				F5483C9A1C7EDD3300D844A7 /* ObjectiveCToSwift */,
				F5483CB41C7EDD3300D844A7 /* ObjectiveCToSwiftTests */,
				F5483C991C7EDD3300D844A7 /* Products */,
			);
			sourceTree = "<group>";
		};
		F5483C991C7EDD3300D844A7 /* Products */ = {
			isa = PBXGroup;
			children = (
				F5483C981C7EDD3300D844A7 /* ObjectiveCToSwift.app */,
				F5483CB11C7EDD3300D844A7 /* ObjectiveCToSwiftTests.xctest */,
			);
			name = Products;
			sourceTree = "<group>";
		};
		F5483C9A1C7EDD3300D844A7 /* ObjectiveCToSwift */ = {
			isa = PBXGroup;
			children = (
				F5483CC01C7EDD7200D844A7 /* Models */,
				F5483C9E1C7EDD3300D844A7 /* AppDelegate.h */,
				F5483C9F1C7EDD3300D844A7 /* AppDelegate.m */,
				F5483CA11C7EDD3300D844A7 /* ViewController.h */,
				F5483CA21C7EDD3300D844A7 /* ViewController.m */,
				F5483CA41C7EDD3300D844A7 /* Main.storyboard */,
				F5483CA71C7EDD3300D844A7 /* Assets.xcassets */,
				F5483CA91C7EDD3300D844A7 /* LaunchScreen.storyboard */,
				F5483CAC1C7EDD3300D844A7 /* Info.plist */,
				F5483C9B1C7EDD3300D844A7 /* Supporting Files */,
				F5483CCD1C7EE68500D844A7 /* ObjetiveCToSwift.pch */,
			);
			path = ObjectiveCToSwift;
			sourceTree = "<group>";
		};
		F5483C9B1C7EDD3300D844A7 /* Supporting Files */ = {
			isa = PBXGroup;
			children = (
				F5483C9C1C7EDD3300D844A7 /* main.m */,
			);
			name = "Supporting Files";
			sourceTree = "<group>";
		};
		F5483CB41C7EDD3300D844A7 /* ObjectiveCToSwiftTests */ = {
			isa = PBXGroup;
			children = (
				F5483CB71C7EDD3300D844A7 /* Info.plist */,
				F5483CD41C7F201500D844A7 /* ObjectiveCToSwiftTests-Bridging-Header.h */,
				F5483CD51C7F201500D844A7 /* CarHireLegTests.swift */,
				F5483CCE1C7EEA5100D844A7 /* TripTests.m */,
				F5483CD81C7F543D00D844A7 /* TripTests.swift */,
				F5BFE8571CA2805B00CDCA62 /* ObjectiveCToSwiftTests.pch */,
			);
			path = ObjectiveCToSwiftTests;
			sourceTree = "<group>";
		};
		F5483CC01C7EDD7200D844A7 /* Models */ = {
			isa = PBXGroup;
			children = (
				F5483CC11C7EDD9000D844A7 /* FlightLeg.h */,
				F5483CC21C7EDD9000D844A7 /* FlightLeg.m */,
				F5483CC71C7EDEE800D844A7 /* HotelLeg.h */,
				F5483CC81C7EDEE800D844A7 /* HotelLeg.m */,
				F5483CC41C7EDDFC00D844A7 /* TripLegBase.h */,
				F5483CC51C7EDDFC00D844A7 /* TripLegBase.m */,
				F5483CCA1C7EDF5800D844A7 /* Trip.h */,
				F5483CCB1C7EDF5800D844A7 /* Trip.m */,
				F5483CD11C7EF6D700D844A7 /* CarHireLeg.swift */,
				F5483CD01C7EF6D600D844A7 /* ObjectiveCToSwift-Bridging-Header.h */,
			);
			path = Models;
			sourceTree = "<group>";
		};
/* End PBXGroup section */

/* Begin PBXNativeTarget section */
		F5483C971C7EDD3300D844A7 /* ObjectiveCToSwift */ = {
			isa = PBXNativeTarget;
			buildConfigurationList = F5483CBA1C7EDD3300D844A7 /* Build configuration list for PBXNativeTarget "ObjectiveCToSwift" */;
			buildPhases = (
				F5483C941C7EDD3300D844A7 /* Sources */,
				F5483C951C7EDD3300D844A7 /* Frameworks */,
				F5483C961C7EDD3300D844A7 /* Resources */,
			);
			buildRules = (
			);
			dependencies = (
			);
			name = ObjectiveCToSwift;
			productName = ObjectiveCToSwift;
			productReference = F5483C981C7EDD3300D844A7 /* ObjectiveCToSwift.app */;
			productType = "com.apple.product-type.application";
		};
		F5483CB01C7EDD3300D844A7 /* ObjectiveCToSwiftTests */ = {
			isa = PBXNativeTarget;
			buildConfigurationList = F5483CBD1C7EDD3300D844A7 /* Build configuration list for PBXNativeTarget "ObjectiveCToSwiftTests" */;
			buildPhases = (
				F5483CAD1C7EDD3300D844A7 /* Sources */,
				F5483CAE1C7EDD3300D844A7 /* Frameworks */,
				F5483CAF1C7EDD3300D844A7 /* Resources */,
			);
			buildRules = (
			);
			dependencies = (
				F5483CB31C7EDD3300D844A7 /* PBXTargetDependency */,
			);
			name = ObjectiveCToSwiftTests;
			productName = ObjectiveCToSwiftTests;
			productReference = F5483CB11C7EDD3300D844A7 /* ObjectiveCToSwiftTests.xctest */;
			productType = "com.apple.product-type.bundle.unit-test";
		};
/* End PBXNativeTarget section */

/* Begin PBXProject section */
		F5483C901C7EDD3300D844A7 /* Project object */ = {
			isa = PBXProject;
			attributes = {
				LastUpgradeCheck = 0720;
				ORGANIZATIONNAME = GergelyOrosz;
				TargetAttributes = {
					F5483C971C7EDD3300D844A7 = {
						CreatedOnToolsVersion = 7.2.1;
					};
					F5483CB01C7EDD3300D844A7 = {
						CreatedOnToolsVersion = 7.2.1;
						TestTargetID = F5483C971C7EDD3300D844A7;
					};
				};
			};
			buildConfigurationList = F5483C931C7EDD3300D844A7 /* Build configuration list for PBXProject "ObjectiveCToSwift" */;
			compatibilityVersion = "Xcode 3.2";
			developmentRegion = English;
			hasScannedForEncodings = 0;
			knownRegions = (
				en,
				Base,
			);
			mainGroup = F5483C8F1C7EDD3300D844A7;
			productRefGroup = F5483C991C7EDD3300D844A7 /* Products */;
			projectDirPath = "";
			projectRoot = "";
			targets = (
				F5483C971C7EDD3300D844A7 /* ObjectiveCToSwift */,
				F5483CB01C7EDD3300D844A7 /* ObjectiveCToSwiftTests */,
			);
		};
/* End PBXProject section */

/* Begin PBXResourcesBuildPhase section */
		F5483C961C7EDD3300D844A7 /* Resources */ = {
			isa = PBXResourcesBuildPhase;
			buildActionMask = 2147483647;
			files = (
				F5483CAB1C7EDD3300D844A7 /* LaunchScreen.storyboard in Resources */,
				F5483CA81C7EDD3300D844A7 /* Assets.xcassets in Resources */,
				F5483CA61C7EDD3300D844A7 /* Main.storyboard in Resources */,
			);
			runOnlyForDeploymentPostprocessing = 0;
		};
		F5483CAF1C7EDD3300D844A7 /* Resources */ = {
			isa = PBXResourcesBuildPhase;
			buildActionMask = 2147483647;
			files = (
			);
			runOnlyForDeploymentPostprocessing = 0;
		};
/* End PBXResourcesBuildPhase section */

/* Begin PBXSourcesBuildPhase section */
		F5483C941C7EDD3300D844A7 /* Sources */ = {
			isa = PBXSourcesBuildPhase;
			buildActionMask = 2147483647;
			files = (
				F5483CA31C7EDD3300D844A7 /* ViewController.m in Sources */,
				F5483CD21C7EF6D700D844A7 /* CarHireLeg.swift in Sources */,
				F5483CC31C7EDD9000D844A7 /* FlightLeg.m in Sources */,
				F5483CCC1C7EDF5800D844A7 /* Trip.m in Sources */,
				F5483CA01C7EDD3300D844A7 /* AppDelegate.m in Sources */,
				F5483CC91C7EDEE800D844A7 /* HotelLeg.m in Sources */,
				F5483CC61C7EDDFC00D844A7 /* TripLegBase.m in Sources */,
				F5483C9D1C7EDD3300D844A7 /* main.m in Sources */,
			);
			runOnlyForDeploymentPostprocessing = 0;
		};
		F5483CAD1C7EDD3300D844A7 /* Sources */ = {
			isa = PBXSourcesBuildPhase;
			buildActionMask = 2147483647;
			files = (
				F5483CD91C7F543D00D844A7 /* TripTests.swift in Sources */,
				F5BFE8591CA2855300CDCA62 /* CarHireLeg.swift in Sources */,
				F5483CCF1C7EEA5100D844A7 /* TripTests.m in Sources */,
				F5483CD61C7F201500D844A7 /* CarHireLegTests.swift in Sources */,
			);
			runOnlyForDeploymentPostprocessing = 0;
		};
/* End PBXSourcesBuildPhase section */

/* Begin PBXTargetDependency section */
		F5483CB31C7EDD3300D844A7 /* PBXTargetDependency */ = {
			isa = PBXTargetDependency;
			target = F5483C971C7EDD3300D844A7 /* ObjectiveCToSwift */;
			targetProxy = F5483CB21C7EDD3300D844A7 /* PBXContainerItemProxy */;
		};
/* End PBXTargetDependency section */

/* Begin PBXVariantGroup section */
		F5483CA41C7EDD3300D844A7 /* Main.storyboard */ = {
			isa = PBXVariantGroup;
			children = (
				F5483CA51C7EDD3300D844A7 /* Base */,
			);
			name = Main.storyboard;
			sourceTree = "<group>";
		};
		F5483CA91C7EDD3300D844A7 /* LaunchScreen.storyboard */ = {
			isa = PBXVariantGroup;
			children = (
				F5483CAA1C7EDD3300D844A7 /* Base */,
			);
			name = LaunchScreen.storyboard;
			sourceTree = "<group>";
		};
/* End PBXVariantGroup section */

/* Begin XCBuildConfiguration section */
		F5483CB81C7EDD3300D844A7 /* Debug */ = {
			isa = XCBuildConfiguration;
			buildSettings = {
				ALWAYS_SEARCH_USER_PATHS = NO;
				CLANG_CXX_LANGUAGE_STANDARD = "gnu++0x";
				CLANG_CXX_LIBRARY = "libc++";
				CLANG_ENABLE_MODULES = YES;
				CLANG_ENABLE_OBJC_ARC = YES;
				CLANG_WARN_BOOL_CONVERSION = YES;
				CLANG_WARN_CONSTANT_CONVERSION = YES;
				CLANG_WARN_DIRECT_OBJC_ISA_USAGE = YES_ERROR;
				CLANG_WARN_EMPTY_BODY = YES;
				CLANG_WARN_ENUM_CONVERSION = YES;
				CLANG_WARN_INT_CONVERSION = YES;
				CLANG_WARN_OBJC_ROOT_CLASS = YES_ERROR;
				CLANG_WARN_UNREACHABLE_CODE = YES;
				CLANG_WARN__DUPLICATE_METHOD_MATCH = YES;
				"CODE_SIGN_IDENTITY[sdk=iphoneos*]" = "iPhone Developer";
				COPY_PHASE_STRIP = NO;
				DEBUG_INFORMATION_FORMAT = dwarf;
				ENABLE_STRICT_OBJC_MSGSEND = YES;
				ENABLE_TESTABILITY = YES;
				GCC_C_LANGUAGE_STANDARD = gnu99;
				GCC_DYNAMIC_NO_PIC = NO;
				GCC_NO_COMMON_BLOCKS = YES;
				GCC_OPTIMIZATION_LEVEL = 0;
				GCC_PREPROCESSOR_DEFINITIONS = (
					"DEBUG=1",
					"$(inherited)",
				);
				GCC_WARN_64_TO_32_BIT_CONVERSION = YES;
				GCC_WARN_ABOUT_RETURN_TYPE = YES_ERROR;
				GCC_WARN_UNDECLARED_SELECTOR = YES;
				GCC_WARN_UNINITIALIZED_AUTOS = YES_AGGRESSIVE;
				GCC_WARN_UNUSED_FUNCTION = YES;
				GCC_WARN_UNUSED_VARIABLE = YES;
				IPHONEOS_DEPLOYMENT_TARGET = 9.2;
				MTL_ENABLE_DEBUG_INFO = YES;
				ONLY_ACTIVE_ARCH = YES;
				SDKROOT = iphoneos;
			};
			name = Debug;
		};
		F5483CB91C7EDD3300D844A7 /* Release */ = {
			isa = XCBuildConfiguration;
			buildSettings = {
				ALWAYS_SEARCH_USER_PATHS = NO;
				CLANG_CXX_LANGUAGE_STANDARD = "gnu++0x";
				CLANG_CXX_LIBRARY = "libc++";
				CLANG_ENABLE_MODULES = YES;
				CLANG_ENABLE_OBJC_ARC = YES;
				CLANG_WARN_BOOL_CONVERSION = YES;
				CLANG_WARN_CONSTANT_CONVERSION = YES;
				CLANG_WARN_DIRECT_OBJC_ISA_USAGE = YES_ERROR;
				CLANG_WARN_EMPTY_BODY = YES;
				CLANG_WARN_ENUM_CONVERSION = YES;
				CLANG_WARN_INT_CONVERSION = YES;
				CLANG_WARN_OBJC_ROOT_CLASS = YES_ERROR;
				CLANG_WARN_UNREACHABLE_CODE = YES;
				CLANG_WARN__DUPLICATE_METHOD_MATCH = YES;
				"CODE_SIGN_IDENTITY[sdk=iphoneos*]" = "iPhone Developer";
				COPY_PHASE_STRIP = NO;
				DEBUG_INFORMATION_FORMAT = "dwarf-with-dsym";
				ENABLE_NS_ASSERTIONS = NO;
				ENABLE_STRICT_OBJC_MSGSEND = YES;
				GCC_C_LANGUAGE_STANDARD = gnu99;
				GCC_NO_COMMON_BLOCKS = YES;
				GCC_WARN_64_TO_32_BIT_CONVERSION = YES;
				GCC_WARN_ABOUT_RETURN_TYPE = YES_ERROR;
				GCC_WARN_UNDECLARED_SELECTOR = YES;
				GCC_WARN_UNINITIALIZED_AUTOS = YES_AGGRESSIVE;
				GCC_WARN_UNUSED_FUNCTION = YES;
				GCC_WARN_UNUSED_VARIABLE = YES;
				IPHONEOS_DEPLOYMENT_TARGET = 9.2;
				MTL_ENABLE_DEBUG_INFO = NO;
				SDKROOT = iphoneos;
				VALIDATE_PRODUCT = YES;
			};
			name = Release;
		};
		F5483CBB1C7EDD3300D844A7 /* Debug */ = {
			isa = XCBuildConfiguration;
			buildSettings = {
				ASSETCATALOG_COMPILER_APPICON_NAME = AppIcon;
				CLANG_ENABLE_MODULES = YES;
				GCC_PREFIX_HEADER = ObjectiveCToSwift/ObjetiveCToSwift.pch;
				INFOPLIST_FILE = ObjectiveCToSwift/Info.plist;
				LD_RUNPATH_SEARCH_PATHS = "$(inherited) @executable_path/Frameworks";
				PRODUCT_BUNDLE_IDENTIFIER = com.gergelyorosz.ObjectiveCToSwift;
				PRODUCT_NAME = "$(TARGET_NAME)";
				SWIFT_OBJC_BRIDGING_HEADER = "ObjectiveCToSwift/Models/ObjectiveCToSwift-Bridging-Header.h";
				SWIFT_OPTIMIZATION_LEVEL = "-Onone";
			};
			name = Debug;
		};
		F5483CBC1C7EDD3300D844A7 /* Release */ = {
			isa = XCBuildConfiguration;
			buildSettings = {
				ASSETCATALOG_COMPILER_APPICON_NAME = AppIcon;
				CLANG_ENABLE_MODULES = YES;
				GCC_PREFIX_HEADER = ObjectiveCToSwift/ObjetiveCToSwift.pch;
				INFOPLIST_FILE = ObjectiveCToSwift/Info.plist;
				LD_RUNPATH_SEARCH_PATHS = "$(inherited) @executable_path/Frameworks";
				PRODUCT_BUNDLE_IDENTIFIER = com.gergelyorosz.ObjectiveCToSwift;
				PRODUCT_NAME = "$(TARGET_NAME)";
				SWIFT_OBJC_BRIDGING_HEADER = "ObjectiveCToSwift/Models/ObjectiveCToSwift-Bridging-Header.h";
			};
			name = Release;
		};
		F5483CBE1C7EDD3300D844A7 /* Debug */ = {
			isa = XCBuildConfiguration;
			buildSettings = {
				BUNDLE_LOADER = "$(TEST_HOST)";
				CLANG_ENABLE_MODULES = YES;
				GCC_PREFIX_HEADER = ObjectiveCToSwiftTests/ObjectiveCToSwiftTests.pch;
				INFOPLIST_FILE = ObjectiveCToSwiftTests/Info.plist;
				LD_RUNPATH_SEARCH_PATHS = "$(inherited) @executable_path/Frameworks @loader_path/Frameworks";
				PRODUCT_BUNDLE_IDENTIFIER = com.gergelyorosz.ObjectiveCToSwiftTests;
				PRODUCT_NAME = "$(TARGET_NAME)";
				SWIFT_OBJC_BRIDGING_HEADER = "ObjectiveCToSwiftTests/ObjectiveCToSwiftTests-Bridging-Header.h";
				SWIFT_OPTIMIZATION_LEVEL = "-Onone";
				TEST_HOST = "$(BUILT_PRODUCTS_DIR)/ObjectiveCToSwift.app/ObjectiveCToSwift";
			};
			name = Debug;
		};
		F5483CBF1C7EDD3300D844A7 /* Release */ = {
			isa = XCBuildConfiguration;
			buildSettings = {
				BUNDLE_LOADER = "$(TEST_HOST)";
				CLANG_ENABLE_MODULES = YES;
				GCC_PREFIX_HEADER = ObjectiveCToSwiftTests/ObjectiveCToSwiftTests.pch;
				INFOPLIST_FILE = ObjectiveCToSwiftTests/Info.plist;
				LD_RUNPATH_SEARCH_PATHS = "$(inherited) @executable_path/Frameworks @loader_path/Frameworks";
				PRODUCT_BUNDLE_IDENTIFIER = com.gergelyorosz.ObjectiveCToSwiftTests;
				PRODUCT_NAME = "$(TARGET_NAME)";
				SWIFT_OBJC_BRIDGING_HEADER = "ObjectiveCToSwiftTests/ObjectiveCToSwiftTests-Bridging-Header.h";
				TEST_HOST = "$(BUILT_PRODUCTS_DIR)/ObjectiveCToSwift.app/ObjectiveCToSwift";
			};
			name = Release;
		};
/* End XCBuildConfiguration section */

/* Begin XCConfigurationList section */
		F5483C931C7EDD3300D844A7 /* Build configuration list for PBXProject "ObjectiveCToSwift" */ = {
			isa = XCConfigurationList;
			buildConfigurations = (
				F5483CB81C7EDD3300D844A7 /* Debug */,
				F5483CB91C7EDD3300D844A7 /* Release */,
			);
			defaultConfigurationIsVisible = 0;
			defaultConfigurationName = Release;
		};
		F5483CBA1C7EDD3300D844A7 /* Build configuration list for PBXNativeTarget "ObjectiveCToSwift" */ = {
			isa = XCConfigurationList;
			buildConfigurations = (
				F5483CBB1C7EDD3300D844A7 /* Debug */,
				F5483CBC1C7EDD3300D844A7 /* Release */,
			);
			defaultConfigurationIsVisible = 0;
			defaultConfigurationName = Release;
		};
		F5483CBD1C7EDD3300D844A7 /* Build configuration list for PBXNativeTarget "ObjectiveCToSwiftTests" */ = {
			isa = XCConfigurationList;
			buildConfigurations = (
				F5483CBE1C7EDD3300D844A7 /* Debug */,
				F5483CBF1C7EDD3300D844A7 /* Release */,
			);
			defaultConfigurationIsVisible = 0;
			defaultConfigurationName = Release;
		};
/* End XCConfigurationList section */
	};
	rootObject = F5483C901C7EDD3300D844A7 /* Project object */;
}
